
Microsoft Visual Studio Solution File, Format Version 11.00
# Visual C++ Express 2010
Project("{8BC9CEB8-8B4A-11D0-8D11-00A0C91BC942}") = "IR1", "IR1\IR1_vs2010.vcxproj", "{8875A98F-F825-46C9-ACA9-918A6BD1BA9E}"
EndProject
Project("{8BC9CEB8-8B4A-11D0-8D11-00A0C91BC942}") = "IR3", "IR3\IR3_vs2010.vcxproj", "{B61E2688-2DB4-49E5-BD07-C660EE49B618}"
EndProject
Project("{8BC9CEB8-8B4A-11D0-8D11-00A0C91BC942}") = "IR4", "IR4\IR4_vs2010.vcxproj", "{DA80EE0F-15F8-406A-B281-8DAE38BE844D}"
EndProject
Project("{8BC9CEB8-8B4A-11D0-8D11-00A0C91BC942}") = "IR5", "IR5\IR5_vs2010.vcxproj", "{EF21C233-2F28-432B-B2AD-B8253EFBB780}"
EndProject
Project("{8BC9CEB8-8B4A-11D0-8D11-00A0C91BC942}") = "IR8", "IR8\IR8_vs2010.vcxproj", "{3D167EAB-4ACC-4C72-ABEE-4B3641C49939}"
EndProject
Project("{8BC9CEB8-8B4A-11D0-8D11-00A0C91BC942}") = "NLP1", "NLP1\NLP1_vs2010.vcxproj", "{220D8621-0409-45D5-91EB-C18DFE428A3F}"
EndProject
Project("{8BC9CEB8-8B4A-11D0-8D11-00A0C91BC942}") = "NLP2", "NLP2\NLP2_vs2010.vcxproj", "{4C52A9D0-7CD9-4AE7-8E38-368D6F501B5F}"
EndProject
Project("{8BC9CEB8-8B4A-11D0-8D11-00A0C91BC942}") = "NLP3", "NLP3\NLP3_vs2010.vcxproj", "{65EC0FE9-3B75-4C7F-B982-8745C80FF039}"
EndProject
Project("{8BC9CEB8-8B4A-11D0-8D11-00A0C91BC942}") = "IR6", "IR6\IR6_vs2010.vcxproj", "{E3491022-0B8D-4A46-B2EC-F2E8DACBD670}"
EndProject
Project("{8BC9CEB8-8B4A-11D0-8D11-00A0C91BC942}") = "IR7", "IR7\IR7_vs2010.vcxproj", "{29C56266-8367-401B-A1AF-B3BBB78C533F}"
EndProject
Project("{8BC9CEB8-8B4A-11D0-8D11-00A0C91BC942}") = "IR9", "IR9\IR9_vs2010.vcxproj", "{A40E64EB-3C2F-4CF8-BC42-2B2B6CD89204}"
EndProject
Project("{8BC9CEB8-8B4A-11D0-8D11-00A0C91BC942}") = "NLP5", "NLP5\NLP5_vs2010.vcxproj", "{061598BA-3E15-4DE1-9B73-7ACD43942D12}"
EndProject
Global
	GlobalSection(SolutionConfigurationPlatforms) = preSolution
		Debug|Win32 = Debug|Win32
		Release|Win32 = Release|Win32
	EndGlobalSection
	GlobalSection(ProjectConfigurationPlatforms) = postSolution
		{8875A98F-F825-46C9-ACA9-918A6BD1BA9E}.Debug|Win32.ActiveCfg = Debug|Win32
		{8875A98F-F825-46C9-ACA9-918A6BD1BA9E}.Debug|Win32.Build.0 = Debug|Win32
		{8875A98F-F825-46C9-ACA9-918A6BD1BA9E}.Release|Win32.ActiveCfg = Release|Win32
		{8875A98F-F825-46C9-ACA9-918A6BD1BA9E}.Release|Win32.Build.0 = Release|Win32
		{B61E2688-2DB4-49E5-BD07-C660EE49B618}.Debug|Win32.ActiveCfg = Debug|Win32
		{B61E2688-2DB4-49E5-BD07-C660EE49B618}.Debug|Win32.Build.0 = Debug|Win32
		{B61E2688-2DB4-49E5-BD07-C660EE49B618}.Release|Win32.ActiveCfg = Release|Win32
		{B61E2688-2DB4-49E5-BD07-C660EE49B618}.Release|Win32.Build.0 = Release|Win32
		{DA80EE0F-15F8-406A-B281-8DAE38BE844D}.Debug|Win32.ActiveCfg = Debug|Win32
		{DA80EE0F-15F8-406A-B281-8DAE38BE844D}.Debug|Win32.Build.0 = Debug|Win32
		{DA80EE0F-15F8-406A-B281-8DAE38BE844D}.Release|Win32.ActiveCfg = Release|Win32
		{DA80EE0F-15F8-406A-B281-8DAE38BE844D}.Release|Win32.Build.0 = Release|Win32
		{EF21C233-2F28-432B-B2AD-B8253EFBB780}.Debug|Win32.ActiveCfg = Debug|Win32
		{EF21C233-2F28-432B-B2AD-B8253EFBB780}.Debug|Win32.Build.0 = Debug|Win32
		{EF21C233-2F28-432B-B2AD-B8253EFBB780}.Release|Win32.ActiveCfg = Release|Win32
		{EF21C233-2F28-432B-B2AD-B8253EFBB780}.Release|Win32.Build.0 = Release|Win32
		{3D167EAB-4ACC-4C72-ABEE-4B3641C49939}.Debug|Win32.ActiveCfg = Debug|Win32
		{3D167EAB-4ACC-4C72-ABEE-4B3641C49939}.Debug|Win32.Build.0 = Debug|Win32
		{3D167EAB-4ACC-4C72-ABEE-4B3641C49939}.Release|Win32.ActiveCfg = Release|Win32
		{3D167EAB-4ACC-4C72-ABEE-4B3641C49939}.Release|Win32.Build.0 = Release|Win32
		{220D8621-0409-45D5-91EB-C18DFE428A3F}.Debug|Win32.ActiveCfg = Debug|Win32
		{220D8621-0409-45D5-91EB-C18DFE428A3F}.Debug|Win32.Build.0 = Debug|Win32
		{220D8621-0409-45D5-91EB-C18DFE428A3F}.Release|Win32.ActiveCfg = Release|Win32
		{220D8621-0409-45D5-91EB-C18DFE428A3F}.Release|Win32.Build.0 = Release|Win32
		{4C52A9D0-7CD9-4AE7-8E38-368D6F501B5F}.Debug|Win32.ActiveCfg = Debug|Win32
		{4C52A9D0-7CD9-4AE7-8E38-368D6F501B5F}.Debug|Win32.Build.0 = Debug|Win32
		{4C52A9D0-7CD9-4AE7-8E38-368D6F501B5F}.Release|Win32.ActiveCfg = Release|Win32
		{4C52A9D0-7CD9-4AE7-8E38-368D6F501B5F}.Release|Win32.Build.0 = Release|Win32
		{65EC0FE9-3B75-4C7F-B982-8745C80FF039}.Debug|Win32.ActiveCfg = Debug|Win32
		{65EC0FE9-3B75-4C7F-B982-8745C80FF039}.Debug|Win32.Build.0 = Debug|Win32
		{65EC0FE9-3B75-4C7F-B982-8745C80FF039}.Release|Win32.ActiveCfg = Release|Win32
		{65EC0FE9-3B75-4C7F-B982-8745C80FF039}.Release|Win32.Build.0 = Release|Win32
		{E3491022-0B8D-4A46-B2EC-F2E8DACBD670}.Debug|Win32.ActiveCfg = Debug|Win32
		{E3491022-0B8D-4A46-B2EC-F2E8DACBD670}.Debug|Win32.Build.0 = Debug|Win32
		{E3491022-0B8D-4A46-B2EC-F2E8DACBD670}.Release|Win32.ActiveCfg = Release|Win32
		{E3491022-0B8D-4A46-B2EC-F2E8DACBD670}.Release|Win32.Build.0 = Release|Win32
		{29C56266-8367-401B-A1AF-B3BBB78C533F}.Debug|Win32.ActiveCfg = Debug|Win32
		{29C56266-8367-401B-A1AF-B3BBB78C533F}.Debug|Win32.Build.0 = Debug|Win32
		{29C56266-8367-401B-A1AF-B3BBB78C533F}.Release|Win32.ActiveCfg = Release|Win32
		{29C56266-8367-401B-A1AF-B3BBB78C533F}.Release|Win32.Build.0 = Release|Win32
		{A40E64EB-3C2F-4CF8-BC42-2B2B6CD89204}.Debug|Win32.ActiveCfg = Debug|Win32
		{A40E64EB-3C2F-4CF8-BC42-2B2B6CD89204}.Debug|Win32.Build.0 = Debug|Win32
		{A40E64EB-3C2F-4CF8-BC42-2B2B6CD89204}.Release|Win32.ActiveCfg = Release|Win32
		{A40E64EB-3C2F-4CF8-BC42-2B2B6CD89204}.Release|Win32.Build.0 = Release|Win32
		{061598BA-3E15-4DE1-9B73-7ACD43942D12}.Debug|Win32.ActiveCfg = Debug|Win32
		{061598BA-3E15-4DE1-9B73-7ACD43942D12}.Debug|Win32.Build.0 = Debug|Win32
		{061598BA-3E15-4DE1-9B73-7ACD43942D12}.Release|Win32.ActiveCfg = Release|Win32
		{061598BA-3E15-4DE1-9B73-7ACD43942D12}.Release|Win32.Build.0 = Release|Win32
	EndGlobalSection
	GlobalSection(SolutionProperties) = preSolution
		HideSolutionNode = FALSE
	EndGlobalSection
EndGlobal
