
Microsoft Visual Studio Solution File, Format Version 11.00
# Visual C++ Express 2010
Project("{8BC9CEB8-8B4A-11D0-8D11-00A0C91BC942}") = "NLP1", "NLP1_vs2010.vcxproj", "{220D8621-0409-45D5-91EB-C18DFE428A3F}"
EndProject
Global
	GlobalSection(SolutionConfigurationPlatforms) = preSolution
		Debug|Win32 = Debug|Win32
		Release|Win32 = Release|Win32
	EndGlobalSection
	GlobalSection(ProjectConfigurationPlatforms) = postSolution
		{220D8621-0409-45D5-91EB-C18DFE428A3F}.Debug|Win32.ActiveCfg = Debug|Win32
		{220D8621-0409-45D5-91EB-C18DFE428A3F}.Debug|Win32.Build.0 = Debug|Win32
		{220D8621-0409-45D5-91EB-C18DFE428A3F}.Release|Win32.ActiveCfg = Release|Win32
		{220D8621-0409-45D5-91EB-C18DFE428A3F}.Release|Win32.Build.0 = Release|Win32
	EndGlobalSection
	GlobalSection(SolutionProperties) = preSolution
		HideSolutionNode = FALSE
	EndGlobalSection
EndGlobal
